
Microsoft Visual Studio Solution File, Format Version 12.00
Project("{FAE04EC0-301F-11D3-BF4B-00C04F79EFBC}") = "TaskManagement.Presentation", "TaskManagement.Presentation\TaskManagement.Presentation.csproj", "{E3D0900F-5C9B-4292-93C1-AE0A03979ED0}"
EndProject
Project("{FAE04EC0-301F-11D3-BF4B-00C04F79EFBC}") = "TaskManagement.Application", "TaskManagement.Application\TaskManagement.Application.csproj", "{02D295CF-D23D-4B1C-9374-3C670EF65288}"
EndProject
Project("{FAE04EC0-301F-11D3-BF4B-00C04F79EFBC}") = "TaskManagement.Domain", "TaskManagement.Domain\TaskManagement.Domain.csproj", "{00ED437B-01CC-4B48-8C9D-EC4941EFA5A0}"
EndProject
Project("{FAE04EC0-301F-11D3-BF4B-00C04F79EFBC}") = "TaskManagement.Infrastructure", "TaskManagement.Infrastructure\TaskManagement.Infrastructure.csproj", "{5920710C-BCD1-45DF-937F-115FE35F3639}"
EndProject
Global
	GlobalSection(SolutionConfigurationPlatforms) = preSolution
		Debug|Any CPU = Debug|Any CPU
		Release|Any CPU = Release|Any CPU
	EndGlobalSection
	GlobalSection(ProjectConfigurationPlatforms) = postSolution
		{E3D0900F-5C9B-4292-93C1-AE0A03979ED0}.Debug|Any CPU.ActiveCfg = Debug|Any CPU
		{E3D0900F-5C9B-4292-93C1-AE0A03979ED0}.Debug|Any CPU.Build.0 = Debug|Any CPU
		{E3D0900F-5C9B-4292-93C1-AE0A03979ED0}.Release|Any CPU.ActiveCfg = Release|Any CPU
		{E3D0900F-5C9B-4292-93C1-AE0A03979ED0}.Release|Any CPU.Build.0 = Release|Any CPU
		{02D295CF-D23D-4B1C-9374-3C670EF65288}.Debug|Any CPU.ActiveCfg = Debug|Any CPU
		{02D295CF-D23D-4B1C-9374-3C670EF65288}.Debug|Any CPU.Build.0 = Debug|Any CPU
		{02D295CF-D23D-4B1C-9374-3C670EF65288}.Release|Any CPU.ActiveCfg = Release|Any CPU
		{02D295CF-D23D-4B1C-9374-3C670EF65288}.Release|Any CPU.Build.0 = Release|Any CPU
		{00ED437B-01CC-4B48-8C9D-EC4941EFA5A0}.Debug|Any CPU.ActiveCfg = Debug|Any CPU
		{00ED437B-01CC-4B48-8C9D-EC4941EFA5A0}.Debug|Any CPU.Build.0 = Debug|Any CPU
		{00ED437B-01CC-4B48-8C9D-EC4941EFA5A0}.Release|Any CPU.ActiveCfg = Release|Any CPU
		{00ED437B-01CC-4B48-8C9D-EC4941EFA5A0}.Release|Any CPU.Build.0 = Release|Any CPU
		{5920710C-BCD1-45DF-937F-115FE35F3639}.Debug|Any CPU.ActiveCfg = Debug|Any CPU
		{5920710C-BCD1-45DF-937F-115FE35F3639}.Debug|Any CPU.Build.0 = Debug|Any CPU
		{5920710C-BCD1-45DF-937F-115FE35F3639}.Release|Any CPU.ActiveCfg = Release|Any CPU
		{5920710C-BCD1-45DF-937F-115FE35F3639}.Release|Any CPU.Build.0 = Release|Any CPU
	EndGlobalSection
EndGlobal
